<?xml version="1.0" encoding="utf-8"?>
<Project ToolsVersion="4.0" xmlns="http://schemas.microsoft.com/developer/msbuild/2003">
  <ItemGroup>
    <Filter Include="Source Files">
      <UniqueIdentifier>{4FC737F1-C7A5-4376-A066-2A32D752A2FF}</UniqueIdentifier>
      <Extensions>cpp;c;cc;cxx;def;odl;idl;hpj;bat;asm;asmx</Extensions>
    </Filter>
    <Filter Include="Header Files">
      <UniqueIdentifier>{93995380-89BD-4b04-88EB-625FBE52EBFB}</UniqueIdentifier>
      <Extensions>h;hpp;hxx;hm;inl;inc;xsd</Extensions>
    </Filter>
    <Filter Include="Resource Files">
      <UniqueIdentifier>{67DA6AB6-F800-4c08-8B7A-83BB121AAD01}</UniqueIdentifier>
      <Extensions>rc;ico;cur;bmp;dlg;rc2;rct;bin;rgs;gif;jpg;jpeg;jpe;resx;tiff;tif;png;wav;mfcribbon-ms</Extensions>
    </Filter>
    <Filter Include="Documentation">
      <UniqueIdentifier>{35271d3e-82b1-4ae3-982a-560fa388f137}</UniqueIdentifier>
    </Filter>
    <Filter Include="Configuration">
      <UniqueIdentifier>{955aa8b6-fba7-42a5-aceb-581c38a284d1}</UniqueIdentifier>
    </Filter>
  </ItemGroup>
  <ItemGroup>
    <ClInclude Include="HTTPManager.h">
      <Filter>Header Files</Filter>
    </ClInclude>
    <ClInclude Include="HTTPManagerDlg.h">
      <Filter>Header Files</Filter>
    </ClInclude>
    <ClInclude Include="Resource.h">
      <Filter>Header Files</Filter>
    </ClInclude>
    <ClInclude Include="ResultDlg.h">
      <Filter>Header Files</Filter>
    </ClInclude>
    <ClInclude Include="SecurityDlg.h">
      <Filter>Header Files</Filter>
    </ClInclude>
    <ClInclude Include="SecureClientDlg.h">
      <Filter>Header Files</Filter>
    </ClInclude>
    <ClInclude Include="ServerHeadersDlg.h">
      <Filter>Header Files</Filter>
    </ClInclude>
    <ClInclude Include="WebConfigDlg.h">
      <Filter>Header Files</Filter>
    </ClInclude>
    <ClInclude Include="WebConfigServer.h">
      <Filter>Header Files</Filter>
    </ClInclude>
    <ClInclude Include="WebConfigClient.h">
      <Filter>Header Files</Filter>
    </ClInclude>
    <ClInclude Include="WebConfigAuthentication.h">
      <Filter>Header Files</Filter>
    </ClInclude>
    <ClInclude Include="WebConfigWServices.h">
      <Filter>Header Files</Filter>
    </ClInclude>
    <ClInclude Include="WebConfigLogging.h">
      <Filter>Header Files</Filter>
    </ClInclude>
    <ClInclude Include="stdafx.h">
      <Filter>Configuration</Filter>
    </ClInclude>
    <ClInclude Include="targetver.h">
      <Filter>Configuration</Filter>
    </ClInclude>
    <ClInclude Include="framework.h">
      <Filter>Configuration</Filter>
    </ClInclude>
  </ItemGroup>
  <ItemGroup>
    <ClCompile Include="HTTPManager.cpp">
      <Filter>Source Files</Filter>
    </ClCompile>
    <ClCompile Include="HTTPManagerDlg.cpp">
      <Filter>Source Files</Filter>
    </ClCompile>
    <ClCompile Include="stdafx.cpp">
      <Filter>Source Files</Filter>
    </ClCompile>
    <ClCompile Include="ResultDlg.cpp">
      <Filter>Source Files</Filter>
    </ClCompile>
    <ClCompile Include="SecurityDlg.cpp">
      <Filter>Source Files</Filter>
    </ClCompile>
    <ClCompile Include="SecureClientDlg.cpp">
      <Filter>Source Files</Filter>
    </ClCompile>
    <ClCompile Include="ServerHeadersDlg.cpp">
      <Filter>Source Files</Filter>
    </ClCompile>
    <ClCompile Include="WebConfigDlg.cpp">
      <Filter>Source Files</Filter>
    </ClCompile>
    <ClCompile Include="WebConfigServer.cpp">
      <Filter>Source Files</Filter>
    </ClCompile>
    <ClCompile Include="WebConfigClient.cpp">
      <Filter>Source Files</Filter>
    </ClCompile>
    <ClCompile Include="WebConfigAuthentication.cpp">
      <Filter>Source Files</Filter>
    </ClCompile>
    <ClCompile Include="WebConfigWServices.cpp">
      <Filter>Source Files</Filter>
    </ClCompile>
    <ClCompile Include="WebConfigLogging.cpp">
      <Filter>Source Files</Filter>
    </ClCompile>
  </ItemGroup>
  <ItemGroup>
    <ResourceCompile Include="HTTPManager.rc">
      <Filter>Resource Files</Filter>
    </ResourceCompile>
  </ItemGroup>
  <ItemGroup>
    <None Include="res\HTTPManager.rc2">
      <Filter>Resource Files</Filter>
    </None>
  </ItemGroup>
  <ItemGroup>
    <Image Include="res\HTTPManager.ico">
      <Filter>Resource Files</Filter>
    </Image>
  </ItemGroup>
  <ItemGroup>
    <Text Include="..\Documentation\ReleaseNotes_v3.txt">
      <Filter>Documentation</Filter>
    </Text>
    <Text Include="..\Documentation\MarlinConfig.txt">
      <Filter>Documentation</Filter>
    </Text>
  </ItemGroup>
</Project>