<?xml version="1.0" encoding="utf-8"?>
<Project ToolsVersion="4.0" xmlns="http://schemas.microsoft.com/developer/msbuild/2003">
  <ItemGroup>
    <Filter Include="Source Files">
      <UniqueIdentifier>{4FC737F1-C7A5-4376-A066-2A32D752A2FF}</UniqueIdentifier>
      <Extensions>cpp;c;cc;cxx;def;odl;idl;hpj;bat;asm;asmx</Extensions>
    </Filter>
    <Filter Include="Header Files">
      <UniqueIdentifier>{93995380-89BD-4b04-88EB-625FBE52EBFB}</UniqueIdentifier>
      <Extensions>h;hpp;hxx;hm;inl;inc;xsd</Extensions>
    </Filter>
    <Filter Include="Resource Files">
      <UniqueIdentifier>{67DA6AB6-F800-4c08-8B7A-83BB121AAD01}</UniqueIdentifier>
      <Extensions>rc;ico;cur;bmp;dlg;rc2;rct;bin;rgs;gif;jpg;jpeg;jpe;resx;tiff;tif;png;wav;mfcribbon-ms</Extensions>
    </Filter>
    <Filter Include="TestSet">
      <UniqueIdentifier>{ecb44f6e-a9c3-4d7a-98b0-2e397387394a}</UniqueIdentifier>
    </Filter>
    <Filter Include="Configuration">
      <UniqueIdentifier>{5bc4eff4-b347-4fc9-98ae-25ed42caa98c}</UniqueIdentifier>
    </Filter>
  </ItemGroup>
  <ItemGroup>
    <ClInclude Include="..\TestsetClient\TestClient.h">
      <Filter>Header Files</Filter>
    </ClInclude>
    <ClInclude Include="TestPorts.h">
      <Filter>Header Files</Filter>
    </ClInclude>
    <ClInclude Include="stdafx.h">
      <Filter>Configuration</Filter>
    </ClInclude>
    <ClInclude Include="framework.h">
      <Filter>Configuration</Filter>
    </ClInclude>
    <ClInclude Include="targetver.h">
      <Filter>Configuration</Filter>
    </ClInclude>
  </ItemGroup>
  <ItemGroup>
    <ClCompile Include="stdafx.cpp">
      <Filter>Source Files</Filter>
    </ClCompile>
    <ClCompile Include="..\TestsetClient\TestClient.cpp">
      <Filter>Source Files</Filter>
    </ClCompile>
    <ClCompile Include="..\TestsetClient\TestBaseSite.cpp">
      <Filter>TestSet</Filter>
    </ClCompile>
    <ClCompile Include="..\TestsetClient\TestClientCert.cpp">
      <Filter>TestSet</Filter>
    </ClCompile>
    <ClCompile Include="..\TestsetClient\TestCompression.cpp">
      <Filter>TestSet</Filter>
    </ClCompile>
    <ClCompile Include="..\TestsetClient\TestContract.cpp">
      <Filter>TestSet</Filter>
    </ClCompile>
    <ClCompile Include="..\TestsetClient\TestCookies.cpp">
      <Filter>TestSet</Filter>
    </ClCompile>
    <ClCompile Include="..\TestsetClient\TestEvents.cpp">
      <Filter>TestSet</Filter>
    </ClCompile>
    <ClCompile Include="..\TestsetClient\TestFormData.cpp">
      <Filter>TestSet</Filter>
    </ClCompile>
    <ClCompile Include="..\TestsetClient\TestJSON.cpp">
      <Filter>TestSet</Filter>
    </ClCompile>
    <ClCompile Include="..\TestsetClient\TestPatch.cpp">
      <Filter>TestSet</Filter>
    </ClCompile>
    <ClCompile Include="..\TestsetClient\TestSecureSite.cpp">
      <Filter>TestSet</Filter>
    </ClCompile>
    <ClCompile Include="..\TestsetClient\TestWebSocket.cpp">
      <Filter>TestSet</Filter>
    </ClCompile>
    <ClCompile Include="..\TestsetClient\TestWS.cpp">
      <Filter>TestSet</Filter>
    </ClCompile>
    <ClCompile Include="..\TestsetClient\TestMSGraph.cpp">
      <Filter>TestSet</Filter>
    </ClCompile>
    <ClCompile Include="..\TestsetClient\TestEventDriver.cpp">
      <Filter>TestSet</Filter>
    </ClCompile>
    <ClCompile Include="HttpReceiveWebSocket.cpp">
      <Filter>Source Files</Filter>
    </ClCompile>
  </ItemGroup>
  <ItemGroup>
    <None Include="Web.Config">
      <Filter>Resource Files</Filter>
    </None>
    <None Include="..\Documentation\WebConfig.txt">
      <Filter>Resource Files</Filter>
    </None>
  </ItemGroup>
  <ItemGroup>
    <ResourceCompile Include="MarlinClient.rc">
      <Filter>Resource Files</Filter>
    </ResourceCompile>
  </ItemGroup>
</Project>