<?xml version="1.0" encoding="utf-8"?>
<Project ToolsVersion="4.0" xmlns="http://schemas.microsoft.com/developer/msbuild/2003">
  <ItemGroup>
    <Filter Include="Header Files">
      <UniqueIdentifier>{93995380-89BD-4b04-88EB-625FBE52EBFB}</UniqueIdentifier>
      <Extensions>h;hpp;hxx;hm;inl;inc;xsd</Extensions>
    </Filter>
    <Filter Include="Resource Files">
      <UniqueIdentifier>{67DA6AB6-F800-4c08-8B7A-83BB121AAD01}</UniqueIdentifier>
      <Extensions>rc;ico;cur;bmp;dlg;rc2;rct;bin;rgs;gif;jpg;jpeg;jpe;resx;tiff;tif;png;wav;mfcribbon-ms</Extensions>
    </Filter>
    <Filter Include="Testset">
      <UniqueIdentifier>{4FC737F1-C7A5-4376-A066-2A32D752A2FF}</UniqueIdentifier>
      <Extensions>cpp;c;cc;cxx;def;odl;idl;hpj;bat;asm;asmx</Extensions>
    </Filter>
    <Filter Include="Source Files">
      <UniqueIdentifier>{dc5db222-27c2-4d4c-9806-6a3e5f610977}</UniqueIdentifier>
    </Filter>
    <Filter Include="Configuration">
      <UniqueIdentifier>{a98be937-f7fb-45b8-b72b-9b017f81e1d3}</UniqueIdentifier>
    </Filter>
  </ItemGroup>
  <ItemGroup>
    <ClInclude Include="TestPorts.h">
      <Filter>Header Files</Filter>
    </ClInclude>
    <ClInclude Include="TestMarlinServer.h">
      <Filter>Header Files</Filter>
    </ClInclude>
    <ClInclude Include="stdafx.h">
      <Filter>Configuration</Filter>
    </ClInclude>
    <ClInclude Include="targetver.h">
      <Filter>Configuration</Filter>
    </ClInclude>
    <ClInclude Include="framework.h">
      <Filter>Configuration</Filter>
    </ClInclude>
  </ItemGroup>
  <ItemGroup>
    <ClCompile Include="TestMarlinServer.cpp">
      <Filter>Source Files</Filter>
    </ClCompile>
    <ClCompile Include="ServerTestset\TestAsynchrone.cpp">
      <Filter>Testset</Filter>
    </ClCompile>
    <ClCompile Include="ServerTestset\TestBaseSite.cpp">
      <Filter>Testset</Filter>
    </ClCompile>
    <ClCompile Include="ServerTestset\TestBodyEncryption.cpp">
      <Filter>Testset</Filter>
    </ClCompile>
    <ClCompile Include="ServerTestset\TestBodySigning.cpp">
      <Filter>Testset</Filter>
    </ClCompile>
    <ClCompile Include="ServerTestset\TestClientCert.cpp">
      <Filter>Testset</Filter>
    </ClCompile>
    <ClCompile Include="ServerTestset\TestCompression.cpp">
      <Filter>Testset</Filter>
    </ClCompile>
    <ClCompile Include="ServerTestset\TestContract.cpp">
      <Filter>Testset</Filter>
    </ClCompile>
    <ClCompile Include="ServerTestset\TestCookies.cpp">
      <Filter>Testset</Filter>
    </ClCompile>
    <ClCompile Include="ServerTestset\TestCrackUrl.cpp">
      <Filter>Testset</Filter>
    </ClCompile>
    <ClCompile Include="ServerTestset\TestEvents.cpp">
      <Filter>Testset</Filter>
    </ClCompile>
    <ClCompile Include="ServerTestset\TestFilter.cpp">
      <Filter>Testset</Filter>
    </ClCompile>
    <ClCompile Include="ServerTestset\TestFormData.cpp">
      <Filter>Testset</Filter>
    </ClCompile>
    <ClCompile Include="ServerTestset\TestInsecure.cpp">
      <Filter>Testset</Filter>
    </ClCompile>
    <ClCompile Include="ServerTestset\TestJsonData.cpp">
      <Filter>Testset</Filter>
    </ClCompile>
    <ClCompile Include="ServerTestset\TestMessageEncryption.cpp">
      <Filter>Testset</Filter>
    </ClCompile>
    <ClCompile Include="ServerTestset\TestPatch.cpp">
      <Filter>Testset</Filter>
    </ClCompile>
    <ClCompile Include="ServerTestset\TestReliable.cpp">
      <Filter>Testset</Filter>
    </ClCompile>
    <ClCompile Include="ServerTestset\TestSecureSite.cpp">
      <Filter>Testset</Filter>
    </ClCompile>
    <ClCompile Include="ServerTestset\TestSubSites.cpp">
      <Filter>Testset</Filter>
    </ClCompile>
    <ClCompile Include="ServerTestset\TestThreadpool.cpp">
      <Filter>Testset</Filter>
    </ClCompile>
    <ClCompile Include="ServerTestset\TestTime.cpp">
      <Filter>Testset</Filter>
    </ClCompile>
    <ClCompile Include="ServerTestset\TestToken.cpp">
      <Filter>Testset</Filter>
    </ClCompile>
    <ClCompile Include="ServerTestset\TestWebSocket.cpp">
      <Filter>Testset</Filter>
    </ClCompile>
    <ClCompile Include="stdafx.cpp">
      <Filter>Source Files</Filter>
    </ClCompile>
    <ClCompile Include="ServerTestset\TestEventDriver.cpp">
      <Filter>Testset</Filter>
    </ClCompile>
    <ClCompile Include="ServerTestset\TestChunking.cpp">
      <Filter>Testset</Filter>
    </ClCompile>
  </ItemGroup>
  <ItemGroup>
    <None Include="Web.Config">
      <Filter>Resource Files</Filter>
    </None>
  </ItemGroup>
  <ItemGroup>
    <ResourceCompile Include="MarlinServer.rc">
      <Filter>Resource Files</Filter>
    </ResourceCompile>
  </ItemGroup>
  <ItemGroup>
    <CustomBuild Include="MarlinServerMessages.mc" />
  </ItemGroup>
</Project>