
Microsoft Visual Studio Solution File, Format Version 12.00
# Visual Studio Version 16
VisualStudioVersion = 16.0.29020.237
MinimumVisualStudioVersion = 10.0.40219.1
Project("{8BC9CEB8-8B4A-11D0-8D11-00A0C91BC942}") = "MarlinServer", "MarlinServer\MarlinServer.vcxproj", "{3F12A6BF-2B42-4867-86B1-2F0E96C56835}"
	ProjectSection(ProjectDependencies) = postProject
		{3CC23320-1FF0-41AF-9F3A-960C5F657C81} = {3CC23320-1FF0-41AF-9F3A-960C5F657C81}
	EndProjectSection
EndProject
Project("{2150E333-8FDC-42A3-9474-1A3956D46DE8}") = "Solution Items", "Solution Items", "{A8F17E01-82AE-4A85-AAE9-945AF1FFB2BB}"
	ProjectSection(SolutionItems) = preProject
		..\Documentation\License.txt = ..\Documentation\License.txt
		..\Documentation\ReleaseNotes_v1.txt = ..\Documentation\ReleaseNotes_v1.txt
		..\Documentation\ReleaseNotes_v2.txt = ..\Documentation\ReleaseNotes_v2.txt
		..\Documentation\ReleaseNotes_v3.txt = ..\Documentation\ReleaseNotes_v3.txt
		..\Documentation\ReleaseNotes_v4.txt = ..\Documentation\ReleaseNotes_v4.txt
		..\Documentation\ReleaseNotes_v5.txt = ..\Documentation\ReleaseNotes_v5.txt
		..\Documentation\ReleaseNotes_v6.txt = ..\Documentation\ReleaseNotes_v6.txt
		..\Documentation\WebConfig.txt = ..\Documentation\WebConfig.txt
	EndProjectSection
EndProject
Project("{8BC9CEB8-8B4A-11D0-8D11-00A0C91BC942}") = "Marlin", "..\Marlin\Marlin.vcxproj", "{3CC23320-1FF0-41AF-9F3A-960C5F657C81}"
EndProject
Project("{8BC9CEB8-8B4A-11D0-8D11-00A0C91BC942}") = "MarlinServerIIS", "MarlinIISModule\IISModule.vcxproj", "{8D146F02-9019-BC45-06ED-27B4B4D44AAC}"
	ProjectSection(ProjectDependencies) = postProject
		{3CC23320-1FF0-41AF-9F3A-960C5F657C81} = {3CC23320-1FF0-41AF-9F3A-960C5F657C81}
	EndProjectSection
EndProject
Project("{8BC9CEB8-8B4A-11D0-8D11-00A0C91BC942}") = "MarlinServerIISWC", "HostedWebCore\HostedWebCore.vcxproj", "{1EA161F3-2559-408D-952F-F78D655C0D3E}"
	ProjectSection(ProjectDependencies) = postProject
		{3CC23320-1FF0-41AF-9F3A-960C5F657C81} = {3CC23320-1FF0-41AF-9F3A-960C5F657C81}
	EndProjectSection
EndProject
Project("{8BC9CEB8-8B4A-11D0-8D11-00A0C91BC942}") = "MarlinServerSync", "MarlinServerSync\MarlinServerSync.vcxproj", "{FF5F09DA-A4DF-4059-901C-D7DAF6B0DE1D}"
	ProjectSection(ProjectDependencies) = postProject
		{3CC23320-1FF0-41AF-9F3A-960C5F657C81} = {3CC23320-1FF0-41AF-9F3A-960C5F657C81}
		{F044F689-FE32-4D06-8873-824417F9060E} = {F044F689-FE32-4D06-8873-824417F9060E}
	EndProjectSection
EndProject
Project("{8BC9CEB8-8B4A-11D0-8D11-00A0C91BC942}") = "HTTPSYS", "..\HTTPSYS\HTTPSYS.vcxproj", "{F044F689-FE32-4D06-8873-824417F9060E}"
EndProject
Project("{8BC9CEB8-8B4A-11D0-8D11-00A0C91BC942}") = "MarlinModule", "..\MarlinModule\MarlinModule.vcxproj", "{975B6103-0E34-425D-807D-FBAF6DF5738F}"
	ProjectSection(ProjectDependencies) = postProject
		{3CC23320-1FF0-41AF-9F3A-960C5F657C81} = {3CC23320-1FF0-41AF-9F3A-960C5F657C81}
	EndProjectSection
EndProject
Global
	GlobalSection(SolutionConfigurationPlatforms) = preSolution
		Debug|x64 = Debug|x64
		Debug|x86 = Debug|x86
		Release|x64 = Release|x64
		Release|x86 = Release|x86
	EndGlobalSection
	GlobalSection(ProjectConfigurationPlatforms) = postSolution
		{3F12A6BF-2B42-4867-86B1-2F0E96C56835}.Debug|x64.ActiveCfg = Debug|x64
		{3F12A6BF-2B42-4867-86B1-2F0E96C56835}.Debug|x64.Build.0 = Debug|x64
		{3F12A6BF-2B42-4867-86B1-2F0E96C56835}.Debug|x86.ActiveCfg = Debug|Win32
		{3F12A6BF-2B42-4867-86B1-2F0E96C56835}.Debug|x86.Build.0 = Debug|Win32
		{3F12A6BF-2B42-4867-86B1-2F0E96C56835}.Release|x64.ActiveCfg = Release|x64
		{3F12A6BF-2B42-4867-86B1-2F0E96C56835}.Release|x64.Build.0 = Release|x64
		{3F12A6BF-2B42-4867-86B1-2F0E96C56835}.Release|x86.ActiveCfg = Release|Win32
		{3F12A6BF-2B42-4867-86B1-2F0E96C56835}.Release|x86.Build.0 = Release|Win32
		{3CC23320-1FF0-41AF-9F3A-960C5F657C81}.Debug|x64.ActiveCfg = Debug|x64
		{3CC23320-1FF0-41AF-9F3A-960C5F657C81}.Debug|x64.Build.0 = Debug|x64
		{3CC23320-1FF0-41AF-9F3A-960C5F657C81}.Debug|x86.ActiveCfg = Debug|Win32
		{3CC23320-1FF0-41AF-9F3A-960C5F657C81}.Debug|x86.Build.0 = Debug|Win32
		{3CC23320-1FF0-41AF-9F3A-960C5F657C81}.Release|x64.ActiveCfg = Release|x64
		{3CC23320-1FF0-41AF-9F3A-960C5F657C81}.Release|x64.Build.0 = Release|x64
		{3CC23320-1FF0-41AF-9F3A-960C5F657C81}.Release|x86.ActiveCfg = Release|Win32
		{3CC23320-1FF0-41AF-9F3A-960C5F657C81}.Release|x86.Build.0 = Release|Win32
		{8D146F02-9019-BC45-06ED-27B4B4D44AAC}.Debug|x64.ActiveCfg = Debug|x64
		{8D146F02-9019-BC45-06ED-27B4B4D44AAC}.Debug|x64.Build.0 = Debug|x64
		{8D146F02-9019-BC45-06ED-27B4B4D44AAC}.Debug|x86.ActiveCfg = Debug|Win32
		{8D146F02-9019-BC45-06ED-27B4B4D44AAC}.Debug|x86.Build.0 = Debug|Win32
		{8D146F02-9019-BC45-06ED-27B4B4D44AAC}.Release|x64.ActiveCfg = Release|x64
		{8D146F02-9019-BC45-06ED-27B4B4D44AAC}.Release|x64.Build.0 = Release|x64
		{8D146F02-9019-BC45-06ED-27B4B4D44AAC}.Release|x86.ActiveCfg = Release|Win32
		{8D146F02-9019-BC45-06ED-27B4B4D44AAC}.Release|x86.Build.0 = Release|Win32
		{1EA161F3-2559-408D-952F-F78D655C0D3E}.Debug|x64.ActiveCfg = Debug|x64
		{1EA161F3-2559-408D-952F-F78D655C0D3E}.Debug|x64.Build.0 = Debug|x64
		{1EA161F3-2559-408D-952F-F78D655C0D3E}.Debug|x86.ActiveCfg = Debug|Win32
		{1EA161F3-2559-408D-952F-F78D655C0D3E}.Debug|x86.Build.0 = Debug|Win32
		{1EA161F3-2559-408D-952F-F78D655C0D3E}.Release|x64.ActiveCfg = Release|x64
		{1EA161F3-2559-408D-952F-F78D655C0D3E}.Release|x64.Build.0 = Release|x64
		{1EA161F3-2559-408D-952F-F78D655C0D3E}.Release|x86.ActiveCfg = Release|Win32
		{1EA161F3-2559-408D-952F-F78D655C0D3E}.Release|x86.Build.0 = Release|Win32
		{FF5F09DA-A4DF-4059-901C-D7DAF6B0DE1D}.Debug|x64.ActiveCfg = Debug|x64
		{FF5F09DA-A4DF-4059-901C-D7DAF6B0DE1D}.Debug|x64.Build.0 = Debug|x64
		{FF5F09DA-A4DF-4059-901C-D7DAF6B0DE1D}.Debug|x86.ActiveCfg = Debug|Win32
		{FF5F09DA-A4DF-4059-901C-D7DAF6B0DE1D}.Debug|x86.Build.0 = Debug|Win32
		{FF5F09DA-A4DF-4059-901C-D7DAF6B0DE1D}.Release|x64.ActiveCfg = Release|x64
		{FF5F09DA-A4DF-4059-901C-D7DAF6B0DE1D}.Release|x64.Build.0 = Release|x64
		{FF5F09DA-A4DF-4059-901C-D7DAF6B0DE1D}.Release|x86.ActiveCfg = Release|Win32
		{FF5F09DA-A4DF-4059-901C-D7DAF6B0DE1D}.Release|x86.Build.0 = Release|Win32
		{F044F689-FE32-4D06-8873-824417F9060E}.Debug|x64.ActiveCfg = Debug|x64
		{F044F689-FE32-4D06-8873-824417F9060E}.Debug|x64.Build.0 = Debug|x64
		{F044F689-FE32-4D06-8873-824417F9060E}.Debug|x86.ActiveCfg = Debug|Win32
		{F044F689-FE32-4D06-8873-824417F9060E}.Debug|x86.Build.0 = Debug|Win32
		{F044F689-FE32-4D06-8873-824417F9060E}.Release|x64.ActiveCfg = Release|x64
		{F044F689-FE32-4D06-8873-824417F9060E}.Release|x64.Build.0 = Release|x64
		{F044F689-FE32-4D06-8873-824417F9060E}.Release|x86.ActiveCfg = Release|Win32
		{F044F689-FE32-4D06-8873-824417F9060E}.Release|x86.Build.0 = Release|Win32
		{975B6103-0E34-425D-807D-FBAF6DF5738F}.Debug|x64.ActiveCfg = Debug|x64
		{975B6103-0E34-425D-807D-FBAF6DF5738F}.Debug|x64.Build.0 = Debug|x64
		{975B6103-0E34-425D-807D-FBAF6DF5738F}.Debug|x86.ActiveCfg = Debug|Win32
		{975B6103-0E34-425D-807D-FBAF6DF5738F}.Debug|x86.Build.0 = Debug|Win32
		{975B6103-0E34-425D-807D-FBAF6DF5738F}.Release|x64.ActiveCfg = Release|x64
		{975B6103-0E34-425D-807D-FBAF6DF5738F}.Release|x64.Build.0 = Release|x64
		{975B6103-0E34-425D-807D-FBAF6DF5738F}.Release|x86.ActiveCfg = Release|Win32
		{975B6103-0E34-425D-807D-FBAF6DF5738F}.Release|x86.Build.0 = Release|Win32
	EndGlobalSection
	GlobalSection(SolutionProperties) = preSolution
		HideSolutionNode = FALSE
	EndGlobalSection
	GlobalSection(ExtensibilityGlobals) = postSolution
		SolutionGuid = {42C1A761-D3D3-4A28-8D4F-37C2AE112F29}
	EndGlobalSection
EndGlobal
