<?xml version="1.0" encoding="utf-8"?>
<Project ToolsVersion="4.0" xmlns="http://schemas.microsoft.com/developer/msbuild/2003">
  <ItemGroup>
    <Filter Include="Source Files">
      <UniqueIdentifier>{4FC737F1-C7A5-4376-A066-2A32D752A2FF}</UniqueIdentifier>
      <Extensions>cpp;c;cc;cxx;def;odl;idl;hpj;bat;asm;asmx</Extensions>
    </Filter>
    <Filter Include="Header Files">
      <UniqueIdentifier>{93995380-89BD-4b04-88EB-625FBE52EBFB}</UniqueIdentifier>
      <Extensions>h;hpp;hxx;hm;inl;inc;xsd</Extensions>
    </Filter>
    <Filter Include="Resource Files">
      <UniqueIdentifier>{67DA6AB6-F800-4c08-8B7A-83BB121AAD01}</UniqueIdentifier>
      <Extensions>rc;ico;cur;bmp;dlg;rc2;rct;bin;rgs;gif;jpg;jpeg;jpe;resx;tiff;tif;png;wav;mfcribbon-ms</Extensions>
    </Filter>
  </ItemGroup>
  <ItemGroup>
    <ClInclude Include="stdafx.h">
      <Filter>Header Files</Filter>
    </ClInclude>
    <ClInclude Include="TestServer.h">
      <Filter>Header Files</Filter>
    </ClInclude>
  </ItemGroup>
  <ItemGroup>
    <ClCompile Include="stdafx.cpp">
      <Filter>Source Files</Filter>
    </ClCompile>
    <ClCompile Include="TestBodyEncryption.cpp">
      <Filter>Source Files</Filter>
    </ClCompile>
    <ClCompile Include="TestBodySigning.cpp">
      <Filter>Source Files</Filter>
    </ClCompile>
    <ClCompile Include="TestContract.cpp">
      <Filter>Source Files</Filter>
    </ClCompile>
    <ClCompile Include="TestCookies.cpp">
      <Filter>Source Files</Filter>
    </ClCompile>
    <ClCompile Include="TestCrackUrl.cpp">
      <Filter>Source Files</Filter>
    </ClCompile>
    <ClCompile Include="TestEvents.cpp">
      <Filter>Source Files</Filter>
    </ClCompile>
    <ClCompile Include="TestFilter.cpp">
      <Filter>Source Files</Filter>
    </ClCompile>
    <ClCompile Include="TestInsecure.cpp">
      <Filter>Source Files</Filter>
    </ClCompile>
    <ClCompile Include="TestJsonData.cpp">
      <Filter>Source Files</Filter>
    </ClCompile>
    <ClCompile Include="TestMessageEncryption.cpp">
      <Filter>Source Files</Filter>
    </ClCompile>
    <ClCompile Include="TestPatch.cpp">
      <Filter>Source Files</Filter>
    </ClCompile>
    <ClCompile Include="TestReliable.cpp">
      <Filter>Source Files</Filter>
    </ClCompile>
    <ClCompile Include="TestServer.cpp">
      <Filter>Source Files</Filter>
    </ClCompile>
    <ClCompile Include="TestSubSites.cpp">
      <Filter>Source Files</Filter>
    </ClCompile>
    <ClCompile Include="TestThreadpool.cpp">
      <Filter>Source Files</Filter>
    </ClCompile>
    <ClCompile Include="TestTime.cpp">
      <Filter>Source Files</Filter>
    </ClCompile>
    <ClCompile Include="TestToken.cpp">
      <Filter>Source Files</Filter>
    </ClCompile>
    <ClCompile Include="TestFormData.cpp">
      <Filter>Source Files</Filter>
    </ClCompile>
    <ClCompile Include="TestClientCert.cpp">
      <Filter>Source Files</Filter>
    </ClCompile>
    <ClCompile Include="TestCompression.cpp">
      <Filter>Source Files</Filter>
    </ClCompile>
    <ClCompile Include="TestBaseSite.cpp">
      <Filter>Source Files</Filter>
    </ClCompile>
  </ItemGroup>
  <ItemGroup>
    <None Include="Web.Config">
      <Filter>Resource Files</Filter>
    </None>
  </ItemGroup>
  <ItemGroup>
    <ResourceCompile Include="MarlinServer.rc">
      <Filter>Resource Files</Filter>
    </ResourceCompile>
  </ItemGroup>
</Project>