<?xml version="1.0" encoding="utf-8"?>
<Project ToolsVersion="4.0" xmlns="http://schemas.microsoft.com/developer/msbuild/2003">
  <ItemGroup>
    <Filter Include="Header Files">
      <UniqueIdentifier>{93995380-89BD-4b04-88EB-625FBE52EBFB}</UniqueIdentifier>
      <Extensions>h;hh;hpp;hxx;hm;inl;inc;xsd</Extensions>
    </Filter>
    <Filter Include="MarlinServer">
      <UniqueIdentifier>{132ea978-0243-47a2-b74d-95bf82939a4a}</UniqueIdentifier>
    </Filter>
    <Filter Include="MarlinClient">
      <UniqueIdentifier>{687b50e9-682d-4311-bbab-444675e14c53}</UniqueIdentifier>
    </Filter>
    <Filter Include="MarlinGeneral">
      <UniqueIdentifier>{f10f91d4-2433-4cd1-8e4c-2d45e617e6ab}</UniqueIdentifier>
    </Filter>
    <Filter Include="Zip">
      <UniqueIdentifier>{9760d0db-1913-4e67-b522-9a3a5dfbf346}</UniqueIdentifier>
    </Filter>
    <Filter Include="Zip\Headers">
      <UniqueIdentifier>{b816656f-1841-4ebc-b854-614c0c02c288}</UniqueIdentifier>
    </Filter>
  </ItemGroup>
  <ItemGroup>
    <ClCompile Include="Analysis.cpp">
      <Filter>MarlinGeneral</Filter>
    </ClCompile>
    <ClCompile Include="Base64.cpp">
      <Filter>MarlinGeneral</Filter>
    </ClCompile>
    <ClCompile Include="ConvertWideString.cpp">
      <Filter>MarlinGeneral</Filter>
    </ClCompile>
    <ClCompile Include="Cookie.cpp">
      <Filter>MarlinGeneral</Filter>
    </ClCompile>
    <ClCompile Include="CrackURL.cpp">
      <Filter>MarlinGeneral</Filter>
    </ClCompile>
    <ClCompile Include="CreateURLPrefix.cpp">
      <Filter>MarlinGeneral</Filter>
    </ClCompile>
    <ClCompile Include="Crypto.cpp">
      <Filter>MarlinGeneral</Filter>
    </ClCompile>
    <ClCompile Include="DefuseBOM.cpp">
      <Filter>MarlinGeneral</Filter>
    </ClCompile>
    <ClCompile Include="EnsureFile.cpp">
      <Filter>MarlinGeneral</Filter>
    </ClCompile>
    <ClCompile Include="ErrorReport.cpp">
      <Filter>MarlinGeneral</Filter>
    </ClCompile>
    <ClCompile Include="EventSource.cpp">
      <Filter>MarlinClient</Filter>
    </ClCompile>
    <ClCompile Include="FileBuffer.cpp">
      <Filter>MarlinGeneral</Filter>
    </ClCompile>
    <ClCompile Include="FindProxy.cpp">
      <Filter>MarlinClient</Filter>
    </ClCompile>
    <ClCompile Include="GenerateGUID.cpp">
      <Filter>MarlinGeneral</Filter>
    </ClCompile>
    <ClCompile Include="GetLastErrorAsString.cpp">
      <Filter>MarlinGeneral</Filter>
    </ClCompile>
    <ClCompile Include="GetUserAccount.cpp">
      <Filter>MarlinGeneral</Filter>
    </ClCompile>
    <ClCompile Include="HPFCounter.cpp">
      <Filter>MarlinGeneral</Filter>
    </ClCompile>
    <ClCompile Include="HTTPCertificate.cpp">
      <Filter>MarlinGeneral</Filter>
    </ClCompile>
    <ClCompile Include="HTTPClient.cpp">
      <Filter>MarlinClient</Filter>
    </ClCompile>
    <ClCompile Include="HTTPClientTracing.cpp">
      <Filter>MarlinClient</Filter>
    </ClCompile>
    <ClCompile Include="HTTPError.cpp">
      <Filter>MarlinGeneral</Filter>
    </ClCompile>
    <ClCompile Include="HTTPMessage.cpp">
      <Filter>MarlinGeneral</Filter>
    </ClCompile>
    <ClCompile Include="HTTPServer.cpp">
      <Filter>MarlinServer</Filter>
    </ClCompile>
    <ClCompile Include="HTTPSite.cpp">
      <Filter>MarlinServer</Filter>
    </ClCompile>
    <ClCompile Include="HTTPThreadPool.cpp">
      <Filter>MarlinGeneral</Filter>
    </ClCompile>
    <ClCompile Include="HTTPTime.cpp">
      <Filter>MarlinGeneral</Filter>
    </ClCompile>
    <ClCompile Include="HTTPURLGroup.cpp">
      <Filter>MarlinServer</Filter>
    </ClCompile>
    <ClCompile Include="JSONMessage.cpp">
      <Filter>MarlinGeneral</Filter>
    </ClCompile>
    <ClCompile Include="JSONParser.cpp">
      <Filter>MarlinGeneral</Filter>
    </ClCompile>
    <ClCompile Include="MultiPartBuffer.cpp">
      <Filter>MarlinGeneral</Filter>
    </ClCompile>
    <ClCompile Include="Namespace.cpp">
      <Filter>MarlinGeneral</Filter>
    </ClCompile>
    <ClCompile Include="PrintToken.cpp">
      <Filter>MarlinGeneral</Filter>
    </ClCompile>
    <ClCompile Include="ProcInfo.cpp">
      <Filter>MarlinGeneral</Filter>
    </ClCompile>
    <ClCompile Include="Redirect.cpp">
      <Filter>MarlinGeneral</Filter>
    </ClCompile>
    <ClCompile Include="RunRedirect.cpp">
      <Filter>MarlinGeneral</Filter>
    </ClCompile>
    <ClCompile Include="SiteFilter.cpp">
      <Filter>MarlinServer</Filter>
    </ClCompile>
    <ClCompile Include="SiteFilterClientCertificate.cpp">
      <Filter>MarlinServer</Filter>
    </ClCompile>
    <ClCompile Include="SiteHandler.cpp">
      <Filter>MarlinServer</Filter>
    </ClCompile>
    <ClCompile Include="SiteHandlerConnect.cpp">
      <Filter>MarlinServer</Filter>
    </ClCompile>
    <ClCompile Include="SiteHandlerDelete.cpp">
      <Filter>MarlinServer</Filter>
    </ClCompile>
    <ClCompile Include="SiteHandlerFormData.cpp">
      <Filter>MarlinServer</Filter>
    </ClCompile>
    <ClCompile Include="SiteHandlerGet.cpp">
      <Filter>MarlinServer</Filter>
    </ClCompile>
    <ClCompile Include="SiteHandlerHead.cpp">
      <Filter>MarlinServer</Filter>
    </ClCompile>
    <ClCompile Include="SiteHandlerJson.cpp">
      <Filter>MarlinServer</Filter>
    </ClCompile>
    <ClCompile Include="SiteHandlerJson2Soap.cpp">
      <Filter>MarlinServer</Filter>
    </ClCompile>
    <ClCompile Include="SiteHandlerMerge.cpp">
      <Filter>MarlinServer</Filter>
    </ClCompile>
    <ClCompile Include="SiteHandlerOptions.cpp">
      <Filter>MarlinServer</Filter>
    </ClCompile>
    <ClCompile Include="SiteHandlerPatch.cpp">
      <Filter>MarlinServer</Filter>
    </ClCompile>
    <ClCompile Include="SiteHandlerPost.cpp">
      <Filter>MarlinServer</Filter>
    </ClCompile>
    <ClCompile Include="SiteHandlerPut.cpp">
      <Filter>MarlinServer</Filter>
    </ClCompile>
    <ClCompile Include="SiteHandlerSoap.cpp">
      <Filter>MarlinServer</Filter>
    </ClCompile>
    <ClCompile Include="SiteHandlerTrace.cpp">
      <Filter>MarlinServer</Filter>
    </ClCompile>
    <ClCompile Include="SiteHandlerWebDAV.cpp">
      <Filter>MarlinServer</Filter>
    </ClCompile>
    <ClCompile Include="SOAPMessage.cpp">
      <Filter>MarlinGeneral</Filter>
    </ClCompile>
    <ClCompile Include="WebConfig.cpp">
      <Filter>MarlinGeneral</Filter>
    </ClCompile>
    <ClCompile Include="ThreadPool.cpp">
      <Filter>MarlinGeneral</Filter>
    </ClCompile>
    <ClCompile Include="StackTrace.cpp">
      <Filter>MarlinGeneral</Filter>
    </ClCompile>
    <ClCompile Include="WebServiceClient.cpp">
      <Filter>MarlinClient</Filter>
    </ClCompile>
    <ClCompile Include="WebServiceServer.cpp">
      <Filter>MarlinServer</Filter>
    </ClCompile>
    <ClCompile Include="WSDLCache.cpp">
      <Filter>MarlinGeneral</Filter>
    </ClCompile>
    <ClCompile Include="XMLMessage.cpp">
      <Filter>MarlinGeneral</Filter>
    </ClCompile>
    <ClCompile Include="XMLParser.cpp">
      <Filter>MarlinGeneral</Filter>
    </ClCompile>
    <ClCompile Include="XMLParserImport.cpp">
      <Filter>MarlinGeneral</Filter>
    </ClCompile>
    <ClCompile Include="XMLRestriction.cpp">
      <Filter>MarlinGeneral</Filter>
    </ClCompile>
    <ClCompile Include="ZLib\inflate.c">
      <Filter>Zip</Filter>
    </ClCompile>
    <ClCompile Include="ZLib\zutil.c">
      <Filter>Zip</Filter>
    </ClCompile>
    <ClCompile Include="ZLib\inftrees.c">
      <Filter>Zip</Filter>
    </ClCompile>
    <ClCompile Include="ZLib\inffast.c">
      <Filter>Zip</Filter>
    </ClCompile>
    <ClCompile Include="ZLib\deflate.c">
      <Filter>Zip</Filter>
    </ClCompile>
    <ClCompile Include="ZLib\adler32.c">
      <Filter>Zip</Filter>
    </ClCompile>
    <ClCompile Include="ZLib\crc32.c">
      <Filter>Zip</Filter>
    </ClCompile>
    <ClCompile Include="ZLib\trees.c">
      <Filter>Zip</Filter>
    </ClCompile>
    <ClCompile Include="Zlib\gzip.cpp">
      <Filter>Zip</Filter>
    </ClCompile>
    <ClCompile Include="stdafx.cpp">
      <Filter>MarlinGeneral</Filter>
    </ClCompile>
    <ClCompile Include="MediaType.cpp">
      <Filter>MarlinServer</Filter>
    </ClCompile>
    <ClCompile Include="SiteFilterXSS.cpp">
      <Filter>MarlinServer</Filter>
    </ClCompile>
  </ItemGroup>
  <ItemGroup>
    <ClInclude Include="Analysis.h">
      <Filter>Header Files</Filter>
    </ClInclude>
    <ClInclude Include="AutoCritical.h">
      <Filter>Header Files</Filter>
    </ClInclude>
    <ClInclude Include="Base64.h">
      <Filter>Header Files</Filter>
    </ClInclude>
    <ClInclude Include="ConvertWideString.h">
      <Filter>Header Files</Filter>
    </ClInclude>
    <ClInclude Include="Cookie.h">
      <Filter>Header Files</Filter>
    </ClInclude>
    <ClInclude Include="CPULoad.h">
      <Filter>Header Files</Filter>
    </ClInclude>
    <ClInclude Include="CrackURL.h">
      <Filter>Header Files</Filter>
    </ClInclude>
    <ClInclude Include="CreateURLPrefix.h">
      <Filter>Header Files</Filter>
    </ClInclude>
    <ClInclude Include="Crypto.h">
      <Filter>Header Files</Filter>
    </ClInclude>
    <ClInclude Include="DefuseBOM.h">
      <Filter>Header Files</Filter>
    </ClInclude>
    <ClInclude Include="EnsureFile.h">
      <Filter>Header Files</Filter>
    </ClInclude>
    <ClInclude Include="ErrorReport.h">
      <Filter>Header Files</Filter>
    </ClInclude>
    <ClInclude Include="EventSource.h">
      <Filter>Header Files</Filter>
    </ClInclude>
    <ClInclude Include="FileBuffer.h">
      <Filter>Header Files</Filter>
    </ClInclude>
    <ClInclude Include="FindProxy.h">
      <Filter>Header Files</Filter>
    </ClInclude>
    <ClInclude Include="GenerateGUID.h">
      <Filter>Header Files</Filter>
    </ClInclude>
    <ClInclude Include="GetLastErrorAsString.h">
      <Filter>Header Files</Filter>
    </ClInclude>
    <ClInclude Include="GetUserAccount.h">
      <Filter>Header Files</Filter>
    </ClInclude>
    <ClInclude Include="HPFCounter.h">
      <Filter>Header Files</Filter>
    </ClInclude>
    <ClInclude Include="HTTPClient.h">
      <Filter>Header Files</Filter>
    </ClInclude>
    <ClInclude Include="HTTPMessage.h">
      <Filter>Header Files</Filter>
    </ClInclude>
    <ClInclude Include="HTTPServer.h">
      <Filter>Header Files</Filter>
    </ClInclude>
    <ClInclude Include="HTTPSite.h">
      <Filter>Header Files</Filter>
    </ClInclude>
    <ClInclude Include="HTTPThreadPool.h">
      <Filter>Header Files</Filter>
    </ClInclude>
    <ClInclude Include="HTTPTime.h">
      <Filter>Header Files</Filter>
    </ClInclude>
    <ClInclude Include="HTTPURLGroup.h">
      <Filter>Header Files</Filter>
    </ClInclude>
    <ClInclude Include="JSONMessage.h">
      <Filter>Header Files</Filter>
    </ClInclude>
    <ClInclude Include="JSONParser.h">
      <Filter>Header Files</Filter>
    </ClInclude>
    <ClInclude Include="Namespace.h">
      <Filter>Header Files</Filter>
    </ClInclude>
    <ClInclude Include="PrintToken.h">
      <Filter>Header Files</Filter>
    </ClInclude>
    <ClInclude Include="ProcInfo.h">
      <Filter>Header Files</Filter>
    </ClInclude>
    <ClInclude Include="Redirect.h">
      <Filter>Header Files</Filter>
    </ClInclude>
    <ClInclude Include="RunRedirect.h">
      <Filter>Header Files</Filter>
    </ClInclude>
    <ClInclude Include="ServerEvent.h">
      <Filter>Header Files</Filter>
    </ClInclude>
    <ClInclude Include="SiteFilter.h">
      <Filter>Header Files</Filter>
    </ClInclude>
    <ClInclude Include="SiteHandler.h">
      <Filter>Header Files</Filter>
    </ClInclude>
    <ClInclude Include="SiteHandlerConnect.h">
      <Filter>Header Files</Filter>
    </ClInclude>
    <ClInclude Include="SiteHandlerDelete.h">
      <Filter>Header Files</Filter>
    </ClInclude>
    <ClInclude Include="SiteHandlerGet.h">
      <Filter>Header Files</Filter>
    </ClInclude>
    <ClInclude Include="SiteHandlerHead.h">
      <Filter>Header Files</Filter>
    </ClInclude>
    <ClInclude Include="SiteHandlerJson.h">
      <Filter>Header Files</Filter>
    </ClInclude>
    <ClInclude Include="SiteHandlerMerge.h">
      <Filter>Header Files</Filter>
    </ClInclude>
    <ClInclude Include="SiteHandlerOptions.h">
      <Filter>Header Files</Filter>
    </ClInclude>
    <ClInclude Include="SiteHandlerPatch.h">
      <Filter>Header Files</Filter>
    </ClInclude>
    <ClInclude Include="SiteHandlerPost.h">
      <Filter>Header Files</Filter>
    </ClInclude>
    <ClInclude Include="SiteHandlerPut.h">
      <Filter>Header Files</Filter>
    </ClInclude>
    <ClInclude Include="SiteHandlerSoap.h">
      <Filter>Header Files</Filter>
    </ClInclude>
    <ClInclude Include="SiteHandlerTrace.h">
      <Filter>Header Files</Filter>
    </ClInclude>
    <ClInclude Include="SiteHandlerWebDAV.h">
      <Filter>Header Files</Filter>
    </ClInclude>
    <ClInclude Include="SOAPMessage.h">
      <Filter>Header Files</Filter>
    </ClInclude>
    <ClInclude Include="SoapTypes.h">
      <Filter>Header Files</Filter>
    </ClInclude>
    <ClInclude Include="StackTrace.h">
      <Filter>Header Files</Filter>
    </ClInclude>
    <ClInclude Include="stdafx.h">
      <Filter>Header Files</Filter>
    </ClInclude>
    <ClInclude Include="ThreadPool.h">
      <Filter>Header Files</Filter>
    </ClInclude>
    <ClInclude Include="Version.h">
      <Filter>Header Files</Filter>
    </ClInclude>
    <ClInclude Include="WebConfig.h">
      <Filter>Header Files</Filter>
    </ClInclude>
    <ClInclude Include="WebServiceClient.h">
      <Filter>Header Files</Filter>
    </ClInclude>
    <ClInclude Include="WebServiceServer.h">
      <Filter>Header Files</Filter>
    </ClInclude>
    <ClInclude Include="WinINETError.h">
      <Filter>Header Files</Filter>
    </ClInclude>
    <ClInclude Include="WSDLCache.h">
      <Filter>Header Files</Filter>
    </ClInclude>
    <ClInclude Include="XMLMessage.h">
      <Filter>Header Files</Filter>
    </ClInclude>
    <ClInclude Include="XMLParser.h">
      <Filter>Header Files</Filter>
    </ClInclude>
    <ClInclude Include="XMLRestriction.h">
      <Filter>Header Files</Filter>
    </ClInclude>
    <ClInclude Include="targetver.h">
      <Filter>Header Files</Filter>
    </ClInclude>
    <ClInclude Include="XMLParserImport.h">
      <Filter>Header Files</Filter>
    </ClInclude>
    <ClInclude Include="SiteHandlerJson2Soap.h">
      <Filter>Header Files</Filter>
    </ClInclude>
    <ClInclude Include="MultiPartBuffer.h">
      <Filter>Header Files</Filter>
    </ClInclude>
    <ClInclude Include="SiteHandlerFormData.h">
      <Filter>Header Files</Filter>
    </ClInclude>
    <ClInclude Include="HTTPError.h">
      <Filter>Header Files</Filter>
    </ClInclude>
    <ClInclude Include="SiteFilterClientCertificate.h">
      <Filter>Header Files</Filter>
    </ClInclude>
    <ClInclude Include="HTTPCertificate.h">
      <Filter>Header Files</Filter>
    </ClInclude>
    <ClInclude Include="HTTPClientTracing.h">
      <Filter>Header Files</Filter>
    </ClInclude>
    <ClInclude Include="ZLib\inflate.h">
      <Filter>Zip\Headers</Filter>
    </ClInclude>
    <ClInclude Include="ZLib\zutil.h">
      <Filter>Zip\Headers</Filter>
    </ClInclude>
    <ClInclude Include="ZLib\zlib.h">
      <Filter>Zip\Headers</Filter>
    </ClInclude>
    <ClInclude Include="ZLib\gzguts.h">
      <Filter>Zip\Headers</Filter>
    </ClInclude>
    <ClInclude Include="ZLib\zconf.h">
      <Filter>Zip\Headers</Filter>
    </ClInclude>
    <ClInclude Include="ZLib\inftrees.h">
      <Filter>Zip\Headers</Filter>
    </ClInclude>
    <ClInclude Include="ZLib\inffast.h">
      <Filter>Zip\Headers</Filter>
    </ClInclude>
    <ClInclude Include="ZLib\inffixed.h">
      <Filter>Zip\Headers</Filter>
    </ClInclude>
    <ClInclude Include="ZLib\deflate.h">
      <Filter>Zip\Headers</Filter>
    </ClInclude>
    <ClInclude Include="ZLib\crc32.h">
      <Filter>Zip\Headers</Filter>
    </ClInclude>
    <ClInclude Include="ZLib\trees.h">
      <Filter>Zip\Headers</Filter>
    </ClInclude>
    <ClInclude Include="Zlib\gzip.h">
      <Filter>Zip\Headers</Filter>
    </ClInclude>
    <ClInclude Include="MediaType.h">
      <Filter>Header Files</Filter>
    </ClInclude>
    <ClInclude Include="SiteFilterXSS.h">
      <Filter>Header Files</Filter>
    </ClInclude>
  </ItemGroup>
</Project>