<?xml version="1.0" encoding="utf-8"?>
<Project ToolsVersion="4.0" xmlns="http://schemas.microsoft.com/developer/msbuild/2003">
  <ItemGroup>
    <Filter Include="MarlinServer">
      <UniqueIdentifier>{132ea978-0243-47a2-b74d-95bf82939a4a}</UniqueIdentifier>
    </Filter>
    <Filter Include="MarlinClient">
      <UniqueIdentifier>{687b50e9-682d-4311-bbab-444675e14c53}</UniqueIdentifier>
    </Filter>
    <Filter Include="MarlinGeneral">
      <UniqueIdentifier>{f10f91d4-2433-4cd1-8e4c-2d45e617e6ab}</UniqueIdentifier>
    </Filter>
    <Filter Include="MarlinClient\Headers">
      <UniqueIdentifier>{9ca759bf-4e74-4ac9-a662-5e28d7f5c09e}</UniqueIdentifier>
    </Filter>
    <Filter Include="MarlinGeneral\Headers">
      <UniqueIdentifier>{b48ef874-4a27-4319-a312-a97bcd6bb3c2}</UniqueIdentifier>
    </Filter>
    <Filter Include="MarlinServer\Headers">
      <UniqueIdentifier>{06fced64-729c-47e5-a1d3-41e7c11c670e}</UniqueIdentifier>
    </Filter>
    <Filter Include="Configuration">
      <UniqueIdentifier>{4700dbff-55de-4518-b58d-591d5bed2ef9}</UniqueIdentifier>
    </Filter>
  </ItemGroup>
  <ItemGroup>
    <ClCompile Include="CreateURLPrefix.cpp">
      <Filter>MarlinGeneral</Filter>
    </ClCompile>
    <ClCompile Include="ErrorReport.cpp">
      <Filter>MarlinGeneral</Filter>
    </ClCompile>
    <ClCompile Include="EventSource.cpp">
      <Filter>MarlinClient</Filter>
    </ClCompile>
    <ClCompile Include="FindProxy.cpp">
      <Filter>MarlinClient</Filter>
    </ClCompile>
    <ClCompile Include="HTTPCertificate.cpp">
      <Filter>MarlinGeneral</Filter>
    </ClCompile>
    <ClCompile Include="HTTPClient.cpp">
      <Filter>MarlinClient</Filter>
    </ClCompile>
    <ClCompile Include="HTTPClientTracing.cpp">
      <Filter>MarlinClient</Filter>
    </ClCompile>
    <ClCompile Include="HTTPServer.cpp">
      <Filter>MarlinServer</Filter>
    </ClCompile>
    <ClCompile Include="HTTPSite.cpp">
      <Filter>MarlinServer</Filter>
    </ClCompile>
    <ClCompile Include="HTTPURLGroup.cpp">
      <Filter>MarlinServer</Filter>
    </ClCompile>
    <ClCompile Include="SiteFilter.cpp">
      <Filter>MarlinServer</Filter>
    </ClCompile>
    <ClCompile Include="SiteFilterClientCertificate.cpp">
      <Filter>MarlinServer</Filter>
    </ClCompile>
    <ClCompile Include="SiteHandler.cpp">
      <Filter>MarlinServer</Filter>
    </ClCompile>
    <ClCompile Include="SiteHandlerConnect.cpp">
      <Filter>MarlinServer</Filter>
    </ClCompile>
    <ClCompile Include="SiteHandlerDelete.cpp">
      <Filter>MarlinServer</Filter>
    </ClCompile>
    <ClCompile Include="SiteHandlerFormData.cpp">
      <Filter>MarlinServer</Filter>
    </ClCompile>
    <ClCompile Include="SiteHandlerGet.cpp">
      <Filter>MarlinServer</Filter>
    </ClCompile>
    <ClCompile Include="SiteHandlerHead.cpp">
      <Filter>MarlinServer</Filter>
    </ClCompile>
    <ClCompile Include="SiteHandlerJson.cpp">
      <Filter>MarlinServer</Filter>
    </ClCompile>
    <ClCompile Include="SiteHandlerJson2Soap.cpp">
      <Filter>MarlinServer</Filter>
    </ClCompile>
    <ClCompile Include="SiteHandlerMerge.cpp">
      <Filter>MarlinServer</Filter>
    </ClCompile>
    <ClCompile Include="SiteHandlerOptions.cpp">
      <Filter>MarlinServer</Filter>
    </ClCompile>
    <ClCompile Include="SiteHandlerPatch.cpp">
      <Filter>MarlinServer</Filter>
    </ClCompile>
    <ClCompile Include="SiteHandlerPost.cpp">
      <Filter>MarlinServer</Filter>
    </ClCompile>
    <ClCompile Include="SiteHandlerPut.cpp">
      <Filter>MarlinServer</Filter>
    </ClCompile>
    <ClCompile Include="SiteHandlerSoap.cpp">
      <Filter>MarlinServer</Filter>
    </ClCompile>
    <ClCompile Include="SiteHandlerTrace.cpp">
      <Filter>MarlinServer</Filter>
    </ClCompile>
    <ClCompile Include="SiteHandlerWebDAV.cpp">
      <Filter>MarlinServer</Filter>
    </ClCompile>
    <ClCompile Include="MarlinConfig.cpp">
      <Filter>MarlinGeneral</Filter>
    </ClCompile>
    <ClCompile Include="ThreadPool.cpp">
      <Filter>MarlinGeneral</Filter>
    </ClCompile>
    <ClCompile Include="WebServiceClient.cpp">
      <Filter>MarlinClient</Filter>
    </ClCompile>
    <ClCompile Include="WebServiceServer.cpp">
      <Filter>MarlinServer</Filter>
    </ClCompile>
    <ClCompile Include="WSDLCache.cpp">
      <Filter>MarlinGeneral</Filter>
    </ClCompile>
    <ClCompile Include="XMLParserImport.cpp">
      <Filter>MarlinGeneral</Filter>
    </ClCompile>
    <ClCompile Include="MediaType.cpp">
      <Filter>MarlinServer</Filter>
    </ClCompile>
    <ClCompile Include="HTTPServerMarlin.cpp">
      <Filter>MarlinServer</Filter>
    </ClCompile>
    <ClCompile Include="HTTPServerIIS.cpp">
      <Filter>MarlinServer</Filter>
    </ClCompile>
    <ClCompile Include="IISDebug.cpp">
      <Filter>MarlinServer</Filter>
    </ClCompile>
    <ClCompile Include="ServerApp.cpp">
      <Filter>MarlinServer</Filter>
    </ClCompile>
    <ClCompile Include="HTTPSiteIIS.cpp">
      <Filter>MarlinServer</Filter>
    </ClCompile>
    <ClCompile Include="HTTPSiteMarlin.cpp">
      <Filter>MarlinServer</Filter>
    </ClCompile>
    <ClCompile Include="WebConfigIIS.cpp">
      <Filter>MarlinGeneral</Filter>
    </ClCompile>
    <ClCompile Include="SiteFilterXSS.cpp">
      <Filter>MarlinServer</Filter>
    </ClCompile>
    <ClCompile Include="CommandBus.cpp">
      <Filter>MarlinGeneral</Filter>
    </ClCompile>
    <ClCompile Include="HostedWebCore.cpp">
      <Filter>MarlinServer</Filter>
    </ClCompile>
    <ClCompile Include="SiteHandlerWebSocket.cpp">
      <Filter>MarlinServer</Filter>
    </ClCompile>
    <ClCompile Include="HTTPRequest.cpp">
      <Filter>MarlinServer</Filter>
    </ClCompile>
    <ClCompile Include="HTTPServerSync.cpp">
      <Filter>MarlinServer</Filter>
    </ClCompile>
    <ClCompile Include="WebSocketClient.cpp">
      <Filter>MarlinClient</Filter>
    </ClCompile>
    <ClCompile Include="WebSocketServerIIS.cpp">
      <Filter>MarlinServer</Filter>
    </ClCompile>
    <ClCompile Include="WebSocketServer.cpp">
      <Filter>MarlinServer</Filter>
    </ClCompile>
    <ClCompile Include="WebSocketServerSync.cpp">
      <Filter>MarlinServer</Filter>
    </ClCompile>
    <ClCompile Include="ServerMain.cpp">
      <Filter>MarlinServer</Filter>
    </ClCompile>
    <ClCompile Include="MarlinServer.cpp">
      <Filter>MarlinServer</Filter>
    </ClCompile>
    <ClCompile Include="AppConfig.cpp">
      <Filter>MarlinGeneral</Filter>
    </ClCompile>
    <ClCompile Include="Marlin.cpp">
      <Filter>MarlinGeneral</Filter>
    </ClCompile>
    <ClCompile Include="OAuth2Cache.cpp">
      <Filter>MarlinClient</Filter>
    </ClCompile>
    <ClCompile Include="ServerEventDriver.cpp">
      <Filter>MarlinServer</Filter>
    </ClCompile>
    <ClCompile Include="ServerEventChannel.cpp">
      <Filter>MarlinServer</Filter>
    </ClCompile>
    <ClCompile Include="ClientEventDriver.cpp">
      <Filter>MarlinClient</Filter>
    </ClCompile>
    <ClCompile Include="LongPolling.cpp">
      <Filter>MarlinClient</Filter>
    </ClCompile>
    <ClCompile Include="LongTermEvent.cpp">
      <Filter>MarlinGeneral</Filter>
    </ClCompile>
    <ClCompile Include="stdafx.cpp">
      <Filter>Configuration</Filter>
    </ClCompile>
    <ClCompile Include="CPULoad.cpp">
      <Filter>MarlinGeneral</Filter>
    </ClCompile>
    <ClCompile Include="WebSocketMain.cpp">
      <Filter>MarlinGeneral</Filter>
    </ClCompile>
    <ClCompile Include="URLRewriter.cpp">
      <Filter>MarlinServer</Filter>
    </ClCompile>
  </ItemGroup>
  <ItemGroup>
    <ClInclude Include="SiteFilter.h">
      <Filter>MarlinServer\Headers</Filter>
    </ClInclude>
    <ClInclude Include="SiteFilterClientCertificate.h">
      <Filter>MarlinServer\Headers</Filter>
    </ClInclude>
    <ClInclude Include="SiteHandler.h">
      <Filter>MarlinServer\Headers</Filter>
    </ClInclude>
    <ClInclude Include="SiteHandlerConnect.h">
      <Filter>MarlinServer\Headers</Filter>
    </ClInclude>
    <ClInclude Include="SiteHandlerDelete.h">
      <Filter>MarlinServer\Headers</Filter>
    </ClInclude>
    <ClInclude Include="SiteHandlerFormData.h">
      <Filter>MarlinServer\Headers</Filter>
    </ClInclude>
    <ClInclude Include="SiteHandlerGet.h">
      <Filter>MarlinServer\Headers</Filter>
    </ClInclude>
    <ClInclude Include="SiteHandlerHead.h">
      <Filter>MarlinServer\Headers</Filter>
    </ClInclude>
    <ClInclude Include="SiteHandlerJson.h">
      <Filter>MarlinServer\Headers</Filter>
    </ClInclude>
    <ClInclude Include="SiteHandlerJson2Soap.h">
      <Filter>MarlinServer\Headers</Filter>
    </ClInclude>
    <ClInclude Include="SiteHandlerMerge.h">
      <Filter>MarlinServer\Headers</Filter>
    </ClInclude>
    <ClInclude Include="SiteHandlerOptions.h">
      <Filter>MarlinServer\Headers</Filter>
    </ClInclude>
    <ClInclude Include="SiteHandlerPatch.h">
      <Filter>MarlinServer\Headers</Filter>
    </ClInclude>
    <ClInclude Include="SiteHandlerPost.h">
      <Filter>MarlinServer\Headers</Filter>
    </ClInclude>
    <ClInclude Include="SiteHandlerPut.h">
      <Filter>MarlinServer\Headers</Filter>
    </ClInclude>
    <ClInclude Include="SiteHandlerSoap.h">
      <Filter>MarlinServer\Headers</Filter>
    </ClInclude>
    <ClInclude Include="SiteHandlerTrace.h">
      <Filter>MarlinServer\Headers</Filter>
    </ClInclude>
    <ClInclude Include="SiteHandlerWebDAV.h">
      <Filter>MarlinServer\Headers</Filter>
    </ClInclude>
    <ClInclude Include="HTTPServer.h">
      <Filter>MarlinServer\Headers</Filter>
    </ClInclude>
    <ClInclude Include="HTTPSite.h">
      <Filter>MarlinServer\Headers</Filter>
    </ClInclude>
    <ClInclude Include="HTTPURLGroup.h">
      <Filter>MarlinServer\Headers</Filter>
    </ClInclude>
    <ClInclude Include="MediaType.h">
      <Filter>MarlinServer\Headers</Filter>
    </ClInclude>
    <ClInclude Include="WebServiceServer.h">
      <Filter>MarlinServer\Headers</Filter>
    </ClInclude>
    <ClInclude Include="HTTPClient.h">
      <Filter>MarlinClient\Headers</Filter>
    </ClInclude>
    <ClInclude Include="HTTPClientTracing.h">
      <Filter>MarlinClient\Headers</Filter>
    </ClInclude>
    <ClInclude Include="WebServiceClient.h">
      <Filter>MarlinClient\Headers</Filter>
    </ClInclude>
    <ClInclude Include="EventSource.h">
      <Filter>MarlinClient\Headers</Filter>
    </ClInclude>
    <ClInclude Include="FindProxy.h">
      <Filter>MarlinClient\Headers</Filter>
    </ClInclude>
    <ClInclude Include="CPULoad.h">
      <Filter>MarlinGeneral\Headers</Filter>
    </ClInclude>
    <ClInclude Include="CreateURLPrefix.h">
      <Filter>MarlinGeneral\Headers</Filter>
    </ClInclude>
    <ClInclude Include="ErrorReport.h">
      <Filter>MarlinGeneral\Headers</Filter>
    </ClInclude>
    <ClInclude Include="HTTPCertificate.h">
      <Filter>MarlinGeneral\Headers</Filter>
    </ClInclude>
    <ClInclude Include="ServerEvent.h">
      <Filter>MarlinGeneral\Headers</Filter>
    </ClInclude>
    <ClInclude Include="ThreadPool.h">
      <Filter>MarlinGeneral\Headers</Filter>
    </ClInclude>
    <ClInclude Include="MarlinConfig.h">
      <Filter>MarlinGeneral\Headers</Filter>
    </ClInclude>
    <ClInclude Include="WinINETError.h">
      <Filter>MarlinGeneral\Headers</Filter>
    </ClInclude>
    <ClInclude Include="WSDLCache.h">
      <Filter>MarlinGeneral\Headers</Filter>
    </ClInclude>
    <ClInclude Include="XMLParserImport.h">
      <Filter>MarlinGeneral\Headers</Filter>
    </ClInclude>
    <ClInclude Include="HTTPServerMarlin.h">
      <Filter>MarlinServer\Headers</Filter>
    </ClInclude>
    <ClInclude Include="HTTPServerIIS.h">
      <Filter>MarlinServer\Headers</Filter>
    </ClInclude>
    <ClInclude Include="IISDebug.h">
      <Filter>MarlinServer\Headers</Filter>
    </ClInclude>
    <ClInclude Include="ServerApp.h">
      <Filter>MarlinServer\Headers</Filter>
    </ClInclude>
    <ClInclude Include="HTTPSiteIIS.h">
      <Filter>MarlinServer\Headers</Filter>
    </ClInclude>
    <ClInclude Include="HTTPSiteMarlin.h">
      <Filter>MarlinServer\Headers</Filter>
    </ClInclude>
    <ClInclude Include="WebConfigIIS.h">
      <Filter>MarlinGeneral\Headers</Filter>
    </ClInclude>
    <ClInclude Include="SiteFilterXSS.h">
      <Filter>MarlinServer\Headers</Filter>
    </ClInclude>
    <ClInclude Include="CommandBus.h">
      <Filter>MarlinGeneral\Headers</Filter>
    </ClInclude>
    <ClInclude Include="HostedWebCore.h">
      <Filter>MarlinServer\Headers</Filter>
    </ClInclude>
    <ClInclude Include="IISSiteConfig.h">
      <Filter>MarlinServer\Headers</Filter>
    </ClInclude>
    <ClInclude Include="EventStream.h">
      <Filter>MarlinServer\Headers</Filter>
    </ClInclude>
    <ClInclude Include="SiteHandlerWebSocket.h">
      <Filter>MarlinServer\Headers</Filter>
    </ClInclude>
    <ClInclude Include="HTTPRequest.h">
      <Filter>MarlinServer\Headers</Filter>
    </ClInclude>
    <ClInclude Include="HTTPServerSync.h">
      <Filter>MarlinServer\Headers</Filter>
    </ClInclude>
    <ClInclude Include="HTTPLoglevel.h">
      <Filter>MarlinGeneral\Headers</Filter>
    </ClInclude>
    <ClInclude Include="Version.h" />
    <ClInclude Include="WebSocketClient.h">
      <Filter>MarlinClient\Headers</Filter>
    </ClInclude>
    <ClInclude Include="WebSocketServerIIS.h">
      <Filter>MarlinServer\Headers</Filter>
    </ClInclude>
    <ClInclude Include="WebSocketServer.h">
      <Filter>MarlinServer\Headers</Filter>
    </ClInclude>
    <ClInclude Include="WebSocketServerSync.h">
      <Filter>MarlinServer\Headers</Filter>
    </ClInclude>
    <ClInclude Include="ServerMain.h">
      <Filter>MarlinServer\Headers</Filter>
    </ClInclude>
    <ClInclude Include="MarlinServer.h">
      <Filter>MarlinServer\Headers</Filter>
    </ClInclude>
    <ClInclude Include="AppConfig.h">
      <Filter>MarlinGeneral\Headers</Filter>
    </ClInclude>
    <ClInclude Include="OAuth2Cache.h">
      <Filter>MarlinClient\Headers</Filter>
    </ClInclude>
    <ClInclude Include="ServerEventDriver.h">
      <Filter>MarlinServer\Headers</Filter>
    </ClInclude>
    <ClInclude Include="ServerEventChannel.h">
      <Filter>MarlinServer\Headers</Filter>
    </ClInclude>
    <ClInclude Include="ClientEventDriver.h">
      <Filter>MarlinClient\Headers</Filter>
    </ClInclude>
    <ClInclude Include="LongPolling.h">
      <Filter>MarlinClient\Headers</Filter>
    </ClInclude>
    <ClInclude Include="LongTermEvent.h">
      <Filter>MarlinGeneral\Headers</Filter>
    </ClInclude>
    <ClInclude Include="stdafx.h">
      <Filter>Configuration</Filter>
    </ClInclude>
    <ClInclude Include="targetver.h">
      <Filter>Configuration</Filter>
    </ClInclude>
    <ClInclude Include="Marlin.h">
      <Filter>Configuration</Filter>
    </ClInclude>
    <ClInclude Include="Version.h">
      <Filter>Configuration</Filter>
    </ClInclude>
    <ClInclude Include="framework.h">
      <Filter>Configuration</Filter>
    </ClInclude>
    <ClInclude Include="HTTPSYS_Websocket.h">
      <Filter>MarlinServer\Headers</Filter>
    </ClInclude>
    <ClInclude Include="WebSocketMain.h">
      <Filter>MarlinGeneral\Headers</Filter>
    </ClInclude>
    <ClInclude Include="URLRewriter.h">
      <Filter>MarlinServer\Headers</Filter>
    </ClInclude>
  </ItemGroup>
</Project>